// !$*UTF8*$!
{
	archiveVersion = 1;
	classes = {
	};
	objectVersion = 50;
	objects = {

/* Begin PBXBuildFile section */
		2F6F02F223E9ACCC00E57F47 /* ItemDataAcess.swift in Sources */ = {isa = PBXBuildFile; fileRef = 2F6F02F123E9ACCC00E57F47 /* ItemDataAcess.swift */; };
		2F6F02F423E9B34F00E57F47 /* NSObject+extensions.swift in Sources */ = {isa = PBXBuildFile; fileRef = 2F6F02F323E9B34F00E57F47 /* NSObject+extensions.swift */; };
		2F6F02F623E9CB0800E57F47 /* ItemCell.swift in Sources */ = {isa = PBXBuildFile; fileRef = 2F6F02F523E9CB0800E57F47 /* ItemCell.swift */; };
		2FBCE02123DCD78E00CBD73D /* AppDelegate.swift in Sources */ = {isa = PBXBuildFile; fileRef = 2FBCE02023DCD78E00CBD73D /* AppDelegate.swift */; };
		2FBCE02323DCD78E00CBD73D /* SceneDelegate.swift in Sources */ = {isa = PBXBuildFile; fileRef = 2FBCE02223DCD78E00CBD73D /* SceneDelegate.swift */; };
		2FBCE02823DCD78E00CBD73D /* Main.storyboard in Resources */ = {isa = PBXBuildFile; fileRef = 2FBCE02623DCD78E00CBD73D /* Main.storyboard */; };
		2FBCE02B23DCD78E00CBD73D /* TodoApp.xcdatamodeld in Sources */ = {isa = PBXBuildFile; fileRef = 2FBCE02923DCD78E00CBD73D /* TodoApp.xcdatamodeld */; };
		2FBCE02D23DCD79000CBD73D /* Assets.xcassets in Resources */ = {isa = PBXBuildFile; fileRef = 2FBCE02C23DCD79000CBD73D /* Assets.xcassets */; };
		2FBCE03023DCD79000CBD73D /* LaunchScreen.storyboard in Resources */ = {isa = PBXBuildFile; fileRef = 2FBCE02E23DCD79000CBD73D /* LaunchScreen.storyboard */; };
		2FBCE03823DCD7F900CBD73D /* ToDoController.swift in Sources */ = {isa = PBXBuildFile; fileRef = 2FBCE03723DCD7F900CBD73D /* ToDoController.swift */; };
		2FCF3ED023E9D05900EF0E16 /* SectionHeader.swift in Sources */ = {isa = PBXBuildFile; fileRef = 2FCF3ECF23E9D05900EF0E16 /* SectionHeader.swift */; };
		2FCF3ED223E9D07400EF0E16 /* SectionHeader.xib in Resources */ = {isa = PBXBuildFile; fileRef = 2FCF3ED123E9D07400EF0E16 /* SectionHeader.xib */; };
		2FCF3EDD23EAC24D00EF0E16 /* ListViewController.swift in Sources */ = {isa = PBXBuildFile; fileRef = 2FCF3EDB23EAC24D00EF0E16 /* ListViewController.swift */; };
		2FCF3EE023EACE4A00EF0E16 /* TripDataAcess.swift in Sources */ = {isa = PBXBuildFile; fileRef = 2FCF3EDF23EACE4A00EF0E16 /* TripDataAcess.swift */; };
		2FCF3EE223EAD33100EF0E16 /* DataCell.swift in Sources */ = {isa = PBXBuildFile; fileRef = 2FCF3EE123EAD33100EF0E16 /* DataCell.swift */; };
/* End PBXBuildFile section */

/* Begin PBXFileReference section */
		2F6F02F123E9ACCC00E57F47 /* ItemDataAcess.swift */ = {isa = PBXFileReference; lastKnownFileType = sourcecode.swift; path = ItemDataAcess.swift; sourceTree = "<group>"; };
		2F6F02F323E9B34F00E57F47 /* NSObject+extensions.swift */ = {isa = PBXFileReference; lastKnownFileType = sourcecode.swift; path = "NSObject+extensions.swift"; sourceTree = "<group>"; };
		2F6F02F523E9CB0800E57F47 /* ItemCell.swift */ = {isa = PBXFileReference; lastKnownFileType = sourcecode.swift; path = ItemCell.swift; sourceTree = "<group>"; };
		2FBCE01D23DCD78E00CBD73D /* TodoApp.app */ = {isa = PBXFileReference; explicitFileType = wrapper.application; includeInIndex = 0; path = TodoApp.app; sourceTree = BUILT_PRODUCTS_DIR; };
		2FBCE02023DCD78E00CBD73D /* AppDelegate.swift */ = {isa = PBXFileReference; lastKnownFileType = sourcecode.swift; path = AppDelegate.swift; sourceTree = "<group>"; };
		2FBCE02223DCD78E00CBD73D /* SceneDelegate.swift */ = {isa = PBXFileReference; lastKnownFileType = sourcecode.swift; path = SceneDelegate.swift; sourceTree = "<group>"; };
		2FBCE02723DCD78E00CBD73D /* Base */ = {isa = PBXFileReference; lastKnownFileType = file.storyboard; name = Base; path = Base.lproj/Main.storyboard; sourceTree = "<group>"; };
		2FBCE02A23DCD78E00CBD73D /* TodoApp.xcdatamodel */ = {isa = PBXFileReference; lastKnownFileType = wrapper.xcdatamodel; path = TodoApp.xcdatamodel; sourceTree = "<group>"; };
		2FBCE02C23DCD79000CBD73D /* Assets.xcassets */ = {isa = PBXFileReference; lastKnownFileType = folder.assetcatalog; path = Assets.xcassets; sourceTree = "<group>"; };
		2FBCE02F23DCD79000CBD73D /* Base */ = {isa = PBXFileReference; lastKnownFileType = file.storyboard; name = Base; path = Base.lproj/LaunchScreen.storyboard; sourceTree = "<group>"; };
		2FBCE03123DCD79000CBD73D /* Info.plist */ = {isa = PBXFileReference; lastKnownFileType = text.plist.xml; path = Info.plist; sourceTree = "<group>"; };
		2FBCE03723DCD7F900CBD73D /* ToDoController.swift */ = {isa = PBXFileReference; lastKnownFileType = sourcecode.swift; path = ToDoController.swift; sourceTree = "<group>"; };
		2FCF3ECF23E9D05900EF0E16 /* SectionHeader.swift */ = {isa = PBXFileReference; lastKnownFileType = sourcecode.swift; path = SectionHeader.swift; sourceTree = "<group>"; };
		2FCF3ED123E9D07400EF0E16 /* SectionHeader.xib */ = {isa = PBXFileReference; lastKnownFileType = file.xib; path = SectionHeader.xib; sourceTree = "<group>"; };
		2FCF3EDB23EAC24D00EF0E16 /* ListViewController.swift */ = {isa = PBXFileReference; lastKnownFileType = sourcecode.swift; path = ListViewController.swift; sourceTree = "<group>"; };
		2FCF3EDF23EACE4A00EF0E16 /* TripDataAcess.swift */ = {isa = PBXFileReference; lastKnownFileType = sourcecode.swift; path = TripDataAcess.swift; sourceTree = "<group>"; };
		2FCF3EE123EAD33100EF0E16 /* DataCell.swift */ = {isa = PBXFileReference; lastKnownFileType = sourcecode.swift; path = DataCell.swift; sourceTree = "<group>"; };
/* End PBXFileReference section */

/* Begin PBXFrameworksBuildPhase section */
		2FBCE01A23DCD78E00CBD73D /* Frameworks */ = {
			isa = PBXFrameworksBuildPhase;
			buildActionMask = 2147483647;
			files = (
			);
			runOnlyForDeploymentPostprocessing = 0;
		};
/* End PBXFrameworksBuildPhase section */

/* Begin PBXGroup section */
		2F1F1CA323E0C1EB00D9CE15 /* Models */ = {
			isa = PBXGroup;
			children = (
			);
			path = Models;
			sourceTree = "<group>";
		};
		2F1F1CA523E0C20600D9CE15 /* Controllers */ = {
			isa = PBXGroup;
			children = (
				2FBCE03723DCD7F900CBD73D /* ToDoController.swift */,
				2FCF3ECF23E9D05900EF0E16 /* SectionHeader.swift */,
				2FCF3ED123E9D07400EF0E16 /* SectionHeader.xib */,
				2FCF3EDB23EAC24D00EF0E16 /* ListViewController.swift */,
			);
			path = Controllers;
			sourceTree = "<group>";
		};
		2F1F1CA623E0C20F00D9CE15 /* Helpers */ = {
			isa = PBXGroup;
			children = (
				2F6F02F523E9CB0800E57F47 /* ItemCell.swift */,
				2F6F02F123E9ACCC00E57F47 /* ItemDataAcess.swift */,
				2F6F02F323E9B34F00E57F47 /* NSObject+extensions.swift */,
				2FCF3EDF23EACE4A00EF0E16 /* TripDataAcess.swift */,
				2FCF3EE123EAD33100EF0E16 /* DataCell.swift */,
			);
			path = Helpers;
			sourceTree = "<group>";
		};
		2F1F1CA723E0C23200D9CE15 /* System */ = {
			isa = PBXGroup;
			children = (
				2FBCE02023DCD78E00CBD73D /* AppDelegate.swift */,
				2FBCE02223DCD78E00CBD73D /* SceneDelegate.swift */,
				2FBCE02C23DCD79000CBD73D /* Assets.xcassets */,
				2FBCE02E23DCD79000CBD73D /* LaunchScreen.storyboard */,
				2FBCE03123DCD79000CBD73D /* Info.plist */,
			);
			path = System;
			sourceTree = "<group>";
		};
		2FBCE01423DCD78E00CBD73D = {
			isa = PBXGroup;
			children = (
				2FBCE01F23DCD78E00CBD73D /* TodoApp */,
				2FBCE01E23DCD78E00CBD73D /* Products */,
			);
			sourceTree = "<group>";
		};
		2FBCE01E23DCD78E00CBD73D /* Products */ = {
			isa = PBXGroup;
			children = (
				2FBCE01D23DCD78E00CBD73D /* TodoApp.app */,
			);
			name = Products;
			sourceTree = "<group>";
		};
		2FBCE01F23DCD78E00CBD73D /* TodoApp */ = {
			isa = PBXGroup;
			children = (
				2FBCE02623DCD78E00CBD73D /* Main.storyboard */,
				2F1F1CA723E0C23200D9CE15 /* System */,
				2F1F1CA623E0C20F00D9CE15 /* Helpers */,
				2F1F1CA523E0C20600D9CE15 /* Controllers */,
				2F1F1CA323E0C1EB00D9CE15 /* Models */,
				2FBCE02923DCD78E00CBD73D /* TodoApp.xcdatamodeld */,
			);
			path = TodoApp;
			sourceTree = "<group>";
		};
/* End PBXGroup section */

/* Begin PBXNativeTarget section */
		2FBCE01C23DCD78E00CBD73D /* TodoApp */ = {
			isa = PBXNativeTarget;
			buildConfigurationList = 2FBCE03423DCD79000CBD73D /* Build configuration list for PBXNativeTarget "TodoApp" */;
			buildPhases = (
				2FBCE01923DCD78E00CBD73D /* Sources */,
				2FBCE01A23DCD78E00CBD73D /* Frameworks */,
				2FBCE01B23DCD78E00CBD73D /* Resources */,
			);
			buildRules = (
			);
			dependencies = (
			);
			name = TodoApp;
			productName = TodoApp;
			productReference = 2FBCE01D23DCD78E00CBD73D /* TodoApp.app */;
			productType = "com.apple.product-type.application";
		};
/* End PBXNativeTarget section */

/* Begin PBXProject section */
		2FBCE01523DCD78E00CBD73D /* Project object */ = {
			isa = PBXProject;
			attributes = {
				LastSwiftUpdateCheck = 1130;
				LastUpgradeCheck = 1130;
				ORGANIZATIONNAME = "Thomas Lenell";
				TargetAttributes = {
					2FBCE01C23DCD78E00CBD73D = {
						CreatedOnToolsVersion = 11.3.1;
					};
				};
			};
			buildConfigurationList = 2FBCE01823DCD78E00CBD73D /* Build configuration list for PBXProject "TodoApp" */;
			compatibilityVersion = "Xcode 9.3";
			developmentRegion = en;
			hasScannedForEncodings = 0;
			knownRegions = (
				en,
				Base,
			);
			mainGroup = 2FBCE01423DCD78E00CBD73D;
			productRefGroup = 2FBCE01E23DCD78E00CBD73D /* Products */;
			projectDirPath = "";
			projectRoot = "";
			targets = (
				2FBCE01C23DCD78E00CBD73D /* TodoApp */,
			);
		};
/* End PBXProject section */

/* Begin PBXResourcesBuildPhase section */
		2FBCE01B23DCD78E00CBD73D /* Resources */ = {
			isa = PBXResourcesBuildPhase;
			buildActionMask = 2147483647;
			files = (
				2FCF3ED223E9D07400EF0E16 /* SectionHeader.xib in Resources */,
				2FBCE03023DCD79000CBD73D /* LaunchScreen.storyboard in Resources */,
				2FBCE02D23DCD79000CBD73D /* Assets.xcassets in Resources */,
				2FBCE02823DCD78E00CBD73D /* Main.storyboard in Resources */,
			);
			runOnlyForDeploymentPostprocessing = 0;
		};
/* End PBXResourcesBuildPhase section */

/* Begin PBXSourcesBuildPhase section */
		2FBCE01923DCD78E00CBD73D /* Sources */ = {
			isa = PBXSourcesBuildPhase;
			buildActionMask = 2147483647;
			files = (
				2FCF3EE023EACE4A00EF0E16 /* TripDataAcess.swift in Sources */,
				2FCF3ED023E9D05900EF0E16 /* SectionHeader.swift in Sources */,
				2F6F02F623E9CB0800E57F47 /* ItemCell.swift in Sources */,
				2F6F02F423E9B34F00E57F47 /* NSObject+extensions.swift in Sources */,
				2FBCE02123DCD78E00CBD73D /* AppDelegate.swift in Sources */,
				2FBCE03823DCD7F900CBD73D /* ToDoController.swift in Sources */,
				2FCF3EE223EAD33100EF0E16 /* DataCell.swift in Sources */,
				2FCF3EDD23EAC24D00EF0E16 /* ListViewController.swift in Sources */,
				2FBCE02323DCD78E00CBD73D /* SceneDelegate.swift in Sources */,
				2F6F02F223E9ACCC00E57F47 /* ItemDataAcess.swift in Sources */,
				2FBCE02B23DCD78E00CBD73D /* TodoApp.xcdatamodeld in Sources */,
			);
			runOnlyForDeploymentPostprocessing = 0;
		};
/* End PBXSourcesBuildPhase section */

/* Begin PBXVariantGroup section */
		2FBCE02623DCD78E00CBD73D /* Main.storyboard */ = {
			isa = PBXVariantGroup;
			children = (
				2FBCE02723DCD78E00CBD73D /* Base */,
			);
			name = Main.storyboard;
			sourceTree = "<group>";
		};
		2FBCE02E23DCD79000CBD73D /* LaunchScreen.storyboard */ = {
			isa = PBXVariantGroup;
			children = (
				2FBCE02F23DCD79000CBD73D /* Base */,
			);
			name = LaunchScreen.storyboard;
			sourceTree = "<group>";
		};
/* End PBXVariantGroup section */

/* Begin XCBuildConfiguration section */
		2FBCE03223DCD79000CBD73D /* Debug */ = {
			isa = XCBuildConfiguration;
			buildSettings = {
				ALWAYS_SEARCH_USER_PATHS = NO;
				CLANG_ANALYZER_NONNULL = YES;
				CLANG_ANALYZER_NUMBER_OBJECT_CONVERSION = YES_AGGRESSIVE;
				CLANG_CXX_LANGUAGE_STANDARD = "gnu++14";
				CLANG_CXX_LIBRARY = "libc++";
				CLANG_ENABLE_MODULES = YES;
				CLANG_ENABLE_OBJC_ARC = YES;
				CLANG_ENABLE_OBJC_WEAK = YES;
				CLANG_WARN_BLOCK_CAPTURE_AUTORELEASING = YES;
				CLANG_WARN_BOOL_CONVERSION = YES;
				CLANG_WARN_COMMA = YES;
				CLANG_WARN_CONSTANT_CONVERSION = YES;
				CLANG_WARN_DEPRECATED_OBJC_IMPLEMENTATIONS = YES;
				CLANG_WARN_DIRECT_OBJC_ISA_USAGE = YES_ERROR;
				CLANG_WARN_DOCUMENTATION_COMMENTS = YES;
				CLANG_WARN_EMPTY_BODY = YES;
				CLANG_WARN_ENUM_CONVERSION = YES;
				CLANG_WARN_INFINITE_RECURSION = YES;
				CLANG_WARN_INT_CONVERSION = YES;
				CLANG_WARN_NON_LITERAL_NULL_CONVERSION = YES;
				CLANG_WARN_OBJC_IMPLICIT_RETAIN_SELF = YES;
				CLANG_WARN_OBJC_LITERAL_CONVERSION = YES;
				CLANG_WARN_OBJC_ROOT_CLASS = YES_ERROR;
				CLANG_WARN_RANGE_LOOP_ANALYSIS = YES;
				CLANG_WARN_STRICT_PROTOTYPES = YES;
				CLANG_WARN_SUSPICIOUS_MOVE = YES;
				CLANG_WARN_UNGUARDED_AVAILABILITY = YES_AGGRESSIVE;
				CLANG_WARN_UNREACHABLE_CODE = YES;
				CLANG_WARN__DUPLICATE_METHOD_MATCH = YES;
				COPY_PHASE_STRIP = NO;
				DEBUG_INFORMATION_FORMAT = dwarf;
				ENABLE_STRICT_OBJC_MSGSEND = YES;
				ENABLE_TESTABILITY = YES;
				GCC_C_LANGUAGE_STANDARD = gnu11;
				GCC_DYNAMIC_NO_PIC = NO;
				GCC_NO_COMMON_BLOCKS = YES;
				GCC_OPTIMIZATION_LEVEL = 0;
				GCC_PREPROCESSOR_DEFINITIONS = (
					"DEBUG=1",
					"$(inherited)",
				);
				GCC_WARN_64_TO_32_BIT_CONVERSION = YES;
				GCC_WARN_ABOUT_RETURN_TYPE = YES_ERROR;
				GCC_WARN_UNDECLARED_SELECTOR = YES;
				GCC_WARN_UNINITIALIZED_AUTOS = YES_AGGRESSIVE;
				GCC_WARN_UNUSED_FUNCTION = YES;
				GCC_WARN_UNUSED_VARIABLE = YES;
				IPHONEOS_DEPLOYMENT_TARGET = 13.2;
				MTL_ENABLE_DEBUG_INFO = INCLUDE_SOURCE;
				MTL_FAST_MATH = YES;
				ONLY_ACTIVE_ARCH = YES;
				SDKROOT = iphoneos;
				SWIFT_ACTIVE_COMPILATION_CONDITIONS = DEBUG;
				SWIFT_OPTIMIZATION_LEVEL = "-Onone";
			};
			name = Debug;
		};
		2FBCE03323DCD79000CBD73D /* Release */ = {
			isa = XCBuildConfiguration;
			buildSettings = {
				ALWAYS_SEARCH_USER_PATHS = NO;
				CLANG_ANALYZER_NONNULL = YES;
				CLANG_ANALYZER_NUMBER_OBJECT_CONVERSION = YES_AGGRESSIVE;
				CLANG_CXX_LANGUAGE_STANDARD = "gnu++14";
				CLANG_CXX_LIBRARY = "libc++";
				CLANG_ENABLE_MODULES = YES;
				CLANG_ENABLE_OBJC_ARC = YES;
				CLANG_ENABLE_OBJC_WEAK = YES;
				CLANG_WARN_BLOCK_CAPTURE_AUTORELEASING = YES;
				CLANG_WARN_BOOL_CONVERSION = YES;
				CLANG_WARN_COMMA = YES;
				CLANG_WARN_CONSTANT_CONVERSION = YES;
				CLANG_WARN_DEPRECATED_OBJC_IMPLEMENTATIONS = YES;
				CLANG_WARN_DIRECT_OBJC_ISA_USAGE = YES_ERROR;
				CLANG_WARN_DOCUMENTATION_COMMENTS = YES;
				CLANG_WARN_EMPTY_BODY = YES;
				CLANG_WARN_ENUM_CONVERSION = YES;
				CLANG_WARN_INFINITE_RECURSION = YES;
				CLANG_WARN_INT_CONVERSION = YES;
				CLANG_WARN_NON_LITERAL_NULL_CONVERSION = YES;
				CLANG_WARN_OBJC_IMPLICIT_RETAIN_SELF = YES;
				CLANG_WARN_OBJC_LITERAL_CONVERSION = YES;
				CLANG_WARN_OBJC_ROOT_CLASS = YES_ERROR;
				CLANG_WARN_RANGE_LOOP_ANALYSIS = YES;
				CLANG_WARN_STRICT_PROTOTYPES = YES;
				CLANG_WARN_SUSPICIOUS_MOVE = YES;
				CLANG_WARN_UNGUARDED_AVAILABILITY = YES_AGGRESSIVE;
				CLANG_WARN_UNREACHABLE_CODE = YES;
				CLANG_WARN__DUPLICATE_METHOD_MATCH = YES;
				COPY_PHASE_STRIP = NO;
				DEBUG_INFORMATION_FORMAT = "dwarf-with-dsym";
				ENABLE_NS_ASSERTIONS = NO;
				ENABLE_STRICT_OBJC_MSGSEND = YES;
				GCC_C_LANGUAGE_STANDARD = gnu11;
				GCC_NO_COMMON_BLOCKS = YES;
				GCC_WARN_64_TO_32_BIT_CONVERSION = YES;
				GCC_WARN_ABOUT_RETURN_TYPE = YES_ERROR;
				GCC_WARN_UNDECLARED_SELECTOR = YES;
				GCC_WARN_UNINITIALIZED_AUTOS = YES_AGGRESSIVE;
				GCC_WARN_UNUSED_FUNCTION = YES;
				GCC_WARN_UNUSED_VARIABLE = YES;
				IPHONEOS_DEPLOYMENT_TARGET = 13.2;
				MTL_ENABLE_DEBUG_INFO = NO;
				MTL_FAST_MATH = YES;
				SDKROOT = iphoneos;
				SWIFT_COMPILATION_MODE = wholemodule;
				SWIFT_OPTIMIZATION_LEVEL = "-O";
				VALIDATE_PRODUCT = YES;
			};
			name = Release;
		};
		2FBCE03523DCD79000CBD73D /* Debug */ = {
			isa = XCBuildConfiguration;
			buildSettings = {
				ASSETCATALOG_COMPILER_APPICON_NAME = AppIcon;
				CODE_SIGN_STYLE = Automatic;
				DEVELOPMENT_TEAM = YPSVTF6BG9;
				INFOPLIST_FILE = TodoApp/System/Info.plist;
				LD_RUNPATH_SEARCH_PATHS = (
					"$(inherited)",
					"@executable_path/Frameworks",
				);
				PRODUCT_BUNDLE_IDENTIFIER = com.thomas.TodoApp;
				PRODUCT_NAME = "$(TARGET_NAME)";
				SWIFT_VERSION = 5.0;
				TARGETED_DEVICE_FAMILY = "1,2";
			};
			name = Debug;
		};
		2FBCE03623DCD79000CBD73D /* Release */ = {
			isa = XCBuildConfiguration;
			buildSettings = {
				ASSETCATALOG_COMPILER_APPICON_NAME = AppIcon;
				CODE_SIGN_STYLE = Automatic;
				DEVELOPMENT_TEAM = YPSVTF6BG9;
				INFOPLIST_FILE = TodoApp/System/Info.plist;
				LD_RUNPATH_SEARCH_PATHS = (
					"$(inherited)",
					"@executable_path/Frameworks",
				);
				PRODUCT_BUNDLE_IDENTIFIER = com.thomas.TodoApp;
				PRODUCT_NAME = "$(TARGET_NAME)";
				SWIFT_VERSION = 5.0;
				TARGETED_DEVICE_FAMILY = "1,2";
			};
			name = Release;
		};
/* End XCBuildConfiguration section */

/* Begin XCConfigurationList section */
		2FBCE01823DCD78E00CBD73D /* Build configuration list for PBXProject "TodoApp" */ = {
			isa = XCConfigurationList;
			buildConfigurations = (
				2FBCE03223DCD79000CBD73D /* Debug */,
				2FBCE03323DCD79000CBD73D /* Release */,
			);
			defaultConfigurationIsVisible = 0;
			defaultConfigurationName = Release;
		};
		2FBCE03423DCD79000CBD73D /* Build configuration list for PBXNativeTarget "TodoApp" */ = {
			isa = XCConfigurationList;
			buildConfigurations = (
				2FBCE03523DCD79000CBD73D /* Debug */,
				2FBCE03623DCD79000CBD73D /* Release */,
			);
			defaultConfigurationIsVisible = 0;
			defaultConfigurationName = Release;
		};
/* End XCConfigurationList section */

/* Begin XCVersionGroup section */
		2FBCE02923DCD78E00CBD73D /* TodoApp.xcdatamodeld */ = {
			isa = XCVersionGroup;
			children = (
				2FBCE02A23DCD78E00CBD73D /* TodoApp.xcdatamodel */,
			);
			currentVersion = 2FBCE02A23DCD78E00CBD73D /* TodoApp.xcdatamodel */;
			path = TodoApp.xcdatamodeld;
			sourceTree = "<group>";
			versionGroupType = wrapper.xcdatamodel;
		};
/* End XCVersionGroup section */
	};
	rootObject = 2FBCE01523DCD78E00CBD73D /* Project object */;
}
